# This file is automatically @generated by Cargo.
# It is not intended for manual editing.
version = 4

[[package]]
name = "yengine-app"
version = "0.1.0"
dependencies = [
 "yengine-core",
]

[[package]]
name = "yengine-bindings"
version = "0.1.0"
dependencies = [
 "yengine-core",
]

[[package]]
name = "yengine-core"
version = "0.1.0"
